// !$*UTF8*$!
{
	archiveVersion = 1;
	classes = {
	};
	objectVersion = 56;
	objects = {

/* Begin PBXBuildFile section */
		DF49578A2C84D7C1001E01F8 /* IOSApp.swift in Sources */ = {isa = PBXBuildFile; fileRef = DF4957892C84D7C1001E01F8 /* IOSApp.swift */; };
		DF49578E2C84D7C2001E01F8 /* Assets.xcassets in Resources */ = {isa = PBXBuildFile; fileRef = DF49578D2C84D7C2001E01F8 /* Assets.xcassets */; };
		DF4957922C84D7C2001E01F8 /* Preview Assets.xcassets in Resources */ = {isa = PBXBuildFile; fileRef = DF4957912C84D7C2001E01F8 /* Preview Assets.xcassets */; };
		DF49579C2C84D7C2001E01F8 /* IOSTests.swift in Sources */ = {isa = PBXBuildFile; fileRef = DF49579B2C84D7C2001E01F8 /* IOSTests.swift */; };
		DF4957A62C84D7C2001E01F8 /* IOSUITests.swift in Sources */ = {isa = PBXBuildFile; fileRef = DF4957A52C84D7C2001E01F8 /* IOSUITests.swift */; };
		DF4957A82C84D7C2001E01F8 /* IOSUITestsLaunchTests.swift in Sources */ = {isa = PBXBuildFile; fileRef = DF4957A72C84D7C2001E01F8 /* IOSUITestsLaunchTests.swift */; };
		DF4957B52C84D9D2001E01F8 /* DockView.swift in Sources */ = {isa = PBXBuildFile; fileRef = DF4957B42C84D9D2001E01F8 /* DockView.swift */; };
		DF4957B72C84D9F0001E01F8 /* HomeScreenView.swift in Sources */ = {isa = PBXBuildFile; fileRef = DF4957B62C84D9F0001E01F8 /* HomeScreenView.swift */; };
		DF4957BB2C84DBDC001E01F8 /* GridView.swift in Sources */ = {isa = PBXBuildFile; fileRef = DF4957BA2C84DBDC001E01F8 /* GridView.swift */; };
		DF4957BD2C84E34C001E01F8 /* VisualEffectBlur.swift in Sources */ = {isa = PBXBuildFile; fileRef = DF4957BC2C84E34C001E01F8 /* VisualEffectBlur.swift */; };
/* End PBXBuildFile section */

/* Begin PBXContainerItemProxy section */
		DF4957982C84D7C2001E01F8 /* PBXContainerItemProxy */ = {
			isa = PBXContainerItemProxy;
			containerPortal = DF49577E2C84D7C1001E01F8 /* Project object */;
			proxyType = 1;
			remoteGlobalIDString = DF4957852C84D7C1001E01F8;
			remoteInfo = IOS;
		};
		DF4957A22C84D7C2001E01F8 /* PBXContainerItemProxy */ = {
			isa = PBXContainerItemProxy;
			containerPortal = DF49577E2C84D7C1001E01F8 /* Project object */;
			proxyType = 1;
			remoteGlobalIDString = DF4957852C84D7C1001E01F8;
			remoteInfo = IOS;
		};
/* End PBXContainerItemProxy section */

/* Begin PBXFileReference section */
		DF4957862C84D7C1001E01F8 /* IOS.app */ = {isa = PBXFileReference; explicitFileType = wrapper.application; includeInIndex = 0; path = IOS.app; sourceTree = BUILT_PRODUCTS_DIR; };
		DF4957892C84D7C1001E01F8 /* IOSApp.swift */ = {isa = PBXFileReference; lastKnownFileType = sourcecode.swift; path = IOSApp.swift; sourceTree = "<group>"; };
		DF49578D2C84D7C2001E01F8 /* Assets.xcassets */ = {isa = PBXFileReference; lastKnownFileType = folder.assetcatalog; path = Assets.xcassets; sourceTree = "<group>"; };
		DF49578F2C84D7C2001E01F8 /* IOS.entitlements */ = {isa = PBXFileReference; lastKnownFileType = text.plist.entitlements; path = IOS.entitlements; sourceTree = "<group>"; };
		DF4957912C84D7C2001E01F8 /* Preview Assets.xcassets */ = {isa = PBXFileReference; lastKnownFileType = folder.assetcatalog; path = "Preview Assets.xcassets"; sourceTree = "<group>"; };
		DF4957972C84D7C2001E01F8 /* IOSTests.xctest */ = {isa = PBXFileReference; explicitFileType = wrapper.cfbundle; includeInIndex = 0; path = IOSTests.xctest; sourceTree = BUILT_PRODUCTS_DIR; };
		DF49579B2C84D7C2001E01F8 /* IOSTests.swift */ = {isa = PBXFileReference; lastKnownFileType = sourcecode.swift; path = IOSTests.swift; sourceTree = "<group>"; };
		DF4957A12C84D7C2001E01F8 /* IOSUITests.xctest */ = {isa = PBXFileReference; explicitFileType = wrapper.cfbundle; includeInIndex = 0; path = IOSUITests.xctest; sourceTree = BUILT_PRODUCTS_DIR; };
		DF4957A52C84D7C2001E01F8 /* IOSUITests.swift */ = {isa = PBXFileReference; lastKnownFileType = sourcecode.swift; path = IOSUITests.swift; sourceTree = "<group>"; };
		DF4957A72C84D7C2001E01F8 /* IOSUITestsLaunchTests.swift */ = {isa = PBXFileReference; lastKnownFileType = sourcecode.swift; path = IOSUITestsLaunchTests.swift; sourceTree = "<group>"; };
		DF4957B42C84D9D2001E01F8 /* DockView.swift */ = {isa = PBXFileReference; lastKnownFileType = sourcecode.swift; path = DockView.swift; sourceTree = "<group>"; };
		DF4957B62C84D9F0001E01F8 /* HomeScreenView.swift */ = {isa = PBXFileReference; lastKnownFileType = sourcecode.swift; path = HomeScreenView.swift; sourceTree = "<group>"; };
		DF4957BA2C84DBDC001E01F8 /* GridView.swift */ = {isa = PBXFileReference; lastKnownFileType = sourcecode.swift; path = GridView.swift; sourceTree = "<group>"; };
		DF4957BC2C84E34C001E01F8 /* VisualEffectBlur.swift */ = {isa = PBXFileReference; lastKnownFileType = sourcecode.swift; path = VisualEffectBlur.swift; sourceTree = "<group>"; };
/* End PBXFileReference section */

/* Begin PBXFrameworksBuildPhase section */
		DF4957832C84D7C1001E01F8 /* Frameworks */ = {
			isa = PBXFrameworksBuildPhase;
			buildActionMask = 2147483647;
			files = (
			);
			runOnlyForDeploymentPostprocessing = 0;
		};
		DF4957942C84D7C2001E01F8 /* Frameworks */ = {
			isa = PBXFrameworksBuildPhase;
			buildActionMask = 2147483647;
			files = (
			);
			runOnlyForDeploymentPostprocessing = 0;
		};
		DF49579E2C84D7C2001E01F8 /* Frameworks */ = {
			isa = PBXFrameworksBuildPhase;
			buildActionMask = 2147483647;
			files = (
			);
			runOnlyForDeploymentPostprocessing = 0;
		};
/* End PBXFrameworksBuildPhase section */

/* Begin PBXGroup section */
		DF49577D2C84D7C1001E01F8 = {
			isa = PBXGroup;
			children = (
				DF4957882C84D7C1001E01F8 /* IOS */,
				DF49579A2C84D7C2001E01F8 /* IOSTests */,
				DF4957A42C84D7C2001E01F8 /* IOSUITests */,
				DF4957872C84D7C1001E01F8 /* Products */,
			);
			sourceTree = "<group>";
		};
		DF4957872C84D7C1001E01F8 /* Products */ = {
			isa = PBXGroup;
			children = (
				DF4957862C84D7C1001E01F8 /* IOS.app */,
				DF4957972C84D7C2001E01F8 /* IOSTests.xctest */,
				DF4957A12C84D7C2001E01F8 /* IOSUITests.xctest */,
			);
			name = Products;
			sourceTree = "<group>";
		};
		DF4957882C84D7C1001E01F8 /* IOS */ = {
			isa = PBXGroup;
			children = (
				DF4957892C84D7C1001E01F8 /* IOSApp.swift */,
				DF4957B42C84D9D2001E01F8 /* DockView.swift */,
				DF4957BC2C84E34C001E01F8 /* VisualEffectBlur.swift */,
				DF4957B62C84D9F0001E01F8 /* HomeScreenView.swift */,
				DF4957BA2C84DBDC001E01F8 /* GridView.swift */,
				DF49578D2C84D7C2001E01F8 /* Assets.xcassets */,
				DF49578F2C84D7C2001E01F8 /* IOS.entitlements */,
				DF4957902C84D7C2001E01F8 /* Preview Content */,
			);
			path = IOS;
			sourceTree = "<group>";
		};
		DF4957902C84D7C2001E01F8 /* Preview Content */ = {
			isa = PBXGroup;
			children = (
				DF4957912C84D7C2001E01F8 /* Preview Assets.xcassets */,
			);
			path = "Preview Content";
			sourceTree = "<group>";
		};
		DF49579A2C84D7C2001E01F8 /* IOSTests */ = {
			isa = PBXGroup;
			children = (
				DF49579B2C84D7C2001E01F8 /* IOSTests.swift */,
			);
			path = IOSTests;
			sourceTree = "<group>";
		};
		DF4957A42C84D7C2001E01F8 /* IOSUITests */ = {
			isa = PBXGroup;
			children = (
				DF4957A52C84D7C2001E01F8 /* IOSUITests.swift */,
				DF4957A72C84D7C2001E01F8 /* IOSUITestsLaunchTests.swift */,
			);
			path = IOSUITests;
			sourceTree = "<group>";
		};
/* End PBXGroup section */

/* Begin PBXNativeTarget section */
		DF4957852C84D7C1001E01F8 /* IOS */ = {
			isa = PBXNativeTarget;
			buildConfigurationList = DF4957AB2C84D7C2001E01F8 /* Build configuration list for PBXNativeTarget "IOS" */;
			buildPhases = (
				DF4957822C84D7C1001E01F8 /* Sources */,
				DF4957832C84D7C1001E01F8 /* Frameworks */,
				DF4957842C84D7C1001E01F8 /* Resources */,
			);
			buildRules = (
			);
			dependencies = (
			);
			name = IOS;
			productName = IOS;
			productReference = DF4957862C84D7C1001E01F8 /* IOS.app */;
			productType = "com.apple.product-type.application";
		};
		DF4957962C84D7C2001E01F8 /* IOSTests */ = {
			isa = PBXNativeTarget;
			buildConfigurationList = DF4957AE2C84D7C2001E01F8 /* Build configuration list for PBXNativeTarget "IOSTests" */;
			buildPhases = (
				DF4957932C84D7C2001E01F8 /* Sources */,
				DF4957942C84D7C2001E01F8 /* Frameworks */,
				DF4957952C84D7C2001E01F8 /* Resources */,
			);
			buildRules = (
			);
			dependencies = (
				DF4957992C84D7C2001E01F8 /* PBXTargetDependency */,
			);
			name = IOSTests;
			productName = IOSTests;
			productReference = DF4957972C84D7C2001E01F8 /* IOSTests.xctest */;
			productType = "com.apple.product-type.bundle.unit-test";
		};
		DF4957A02C84D7C2001E01F8 /* IOSUITests */ = {
			isa = PBXNativeTarget;
			buildConfigurationList = DF4957B12C84D7C2001E01F8 /* Build configuration list for PBXNativeTarget "IOSUITests" */;
			buildPhases = (
				DF49579D2C84D7C2001E01F8 /* Sources */,
				DF49579E2C84D7C2001E01F8 /* Frameworks */,
				DF49579F2C84D7C2001E01F8 /* Resources */,
			);
			buildRules = (
			);
			dependencies = (
				DF4957A32C84D7C2001E01F8 /* PBXTargetDependency */,
			);
			name = IOSUITests;
			productName = IOSUITests;
			productReference = DF4957A12C84D7C2001E01F8 /* IOSUITests.xctest */;
			productType = "com.apple.product-type.bundle.ui-testing";
		};
/* End PBXNativeTarget section */

/* Begin PBXProject section */
		DF49577E2C84D7C1001E01F8 /* Project object */ = {
			isa = PBXProject;
			attributes = {
				BuildIndependentTargetsInParallel = 1;
				LastSwiftUpdateCheck = 1540;
				LastUpgradeCheck = 1540;
				TargetAttributes = {
					DF4957852C84D7C1001E01F8 = {
						CreatedOnToolsVersion = 15.4;
					};
					DF4957962C84D7C2001E01F8 = {
						CreatedOnToolsVersion = 15.4;
						TestTargetID = DF4957852C84D7C1001E01F8;
					};
					DF4957A02C84D7C2001E01F8 = {
						CreatedOnToolsVersion = 15.4;
						TestTargetID = DF4957852C84D7C1001E01F8;
					};
				};
			};
			buildConfigurationList = DF4957812C84D7C1001E01F8 /* Build configuration list for PBXProject "IOS" */;
			compatibilityVersion = "Xcode 14.0";
			developmentRegion = en;
			hasScannedForEncodings = 0;
			knownRegions = (
				en,
				Base,
			);
			mainGroup = DF49577D2C84D7C1001E01F8;
			productRefGroup = DF4957872C84D7C1001E01F8 /* Products */;
			projectDirPath = "";
			projectRoot = "";
			targets = (
				DF4957852C84D7C1001E01F8 /* IOS */,
				DF4957962C84D7C2001E01F8 /* IOSTests */,
				DF4957A02C84D7C2001E01F8 /* IOSUITests */,
			);
		};
/* End PBXProject section */

/* Begin PBXResourcesBuildPhase section */
		DF4957842C84D7C1001E01F8 /* Resources */ = {
			isa = PBXResourcesBuildPhase;
			buildActionMask = 2147483647;
			files = (
				DF4957922C84D7C2001E01F8 /* Preview Assets.xcassets in Resources */,
				DF49578E2C84D7C2001E01F8 /* Assets.xcassets in Resources */,
			);
			runOnlyForDeploymentPostprocessing = 0;
		};
		DF4957952C84D7C2001E01F8 /* Resources */ = {
			isa = PBXResourcesBuildPhase;
			buildActionMask = 2147483647;
			files = (
			);
			runOnlyForDeploymentPostprocessing = 0;
		};
		DF49579F2C84D7C2001E01F8 /* Resources */ = {
			isa = PBXResourcesBuildPhase;
			buildActionMask = 2147483647;
			files = (
			);
			runOnlyForDeploymentPostprocessing = 0;
		};
/* End PBXResourcesBuildPhase section */

/* Begin PBXSourcesBuildPhase section */
		DF4957822C84D7C1001E01F8 /* Sources */ = {
			isa = PBXSourcesBuildPhase;
			buildActionMask = 2147483647;
			files = (
				DF4957BD2C84E34C001E01F8 /* VisualEffectBlur.swift in Sources */,
				DF4957B52C84D9D2001E01F8 /* DockView.swift in Sources */,
				DF49578A2C84D7C1001E01F8 /* IOSApp.swift in Sources */,
				DF4957BB2C84DBDC001E01F8 /* GridView.swift in Sources */,
				DF4957B72C84D9F0001E01F8 /* HomeScreenView.swift in Sources */,
			);
			runOnlyForDeploymentPostprocessing = 0;
		};
		DF4957932C84D7C2001E01F8 /* Sources */ = {
			isa = PBXSourcesBuildPhase;
			buildActionMask = 2147483647;
			files = (
				DF49579C2C84D7C2001E01F8 /* IOSTests.swift in Sources */,
			);
			runOnlyForDeploymentPostprocessing = 0;
		};
		DF49579D2C84D7C2001E01F8 /* Sources */ = {
			isa = PBXSourcesBuildPhase;
			buildActionMask = 2147483647;
			files = (
				DF4957A82C84D7C2001E01F8 /* IOSUITestsLaunchTests.swift in Sources */,
				DF4957A62C84D7C2001E01F8 /* IOSUITests.swift in Sources */,
			);
			runOnlyForDeploymentPostprocessing = 0;
		};
/* End PBXSourcesBuildPhase section */

/* Begin PBXTargetDependency section */
		DF4957992C84D7C2001E01F8 /* PBXTargetDependency */ = {
			isa = PBXTargetDependency;
			target = DF4957852C84D7C1001E01F8 /* IOS */;
			targetProxy = DF4957982C84D7C2001E01F8 /* PBXContainerItemProxy */;
		};
		DF4957A32C84D7C2001E01F8 /* PBXTargetDependency */ = {
			isa = PBXTargetDependency;
			target = DF4957852C84D7C1001E01F8 /* IOS */;
			targetProxy = DF4957A22C84D7C2001E01F8 /* PBXContainerItemProxy */;
		};
/* End PBXTargetDependency section */

/* Begin XCBuildConfiguration section */
		DF4957A92C84D7C2001E01F8 /* Debug */ = {
			isa = XCBuildConfiguration;
			buildSettings = {
				ALWAYS_SEARCH_USER_PATHS = NO;
				ASSETCATALOG_COMPILER_GENERATE_SWIFT_ASSET_SYMBOL_EXTENSIONS = YES;
				CLANG_ANALYZER_NONNULL = YES;
				CLANG_ANALYZER_NUMBER_OBJECT_CONVERSION = YES_AGGRESSIVE;
				CLANG_CXX_LANGUAGE_STANDARD = "gnu++20";
				CLANG_ENABLE_MODULES = YES;
				CLANG_ENABLE_OBJC_ARC = YES;
				CLANG_ENABLE_OBJC_WEAK = YES;
				CLANG_WARN_BLOCK_CAPTURE_AUTORELEASING = YES;
				CLANG_WARN_BOOL_CONVERSION = YES;
				CLANG_WARN_COMMA = YES;
				CLANG_WARN_CONSTANT_CONVERSION = YES;
				CLANG_WARN_DEPRECATED_OBJC_IMPLEMENTATIONS = YES;
				CLANG_WARN_DIRECT_OBJC_ISA_USAGE = YES_ERROR;
				CLANG_WARN_DOCUMENTATION_COMMENTS = YES;
				CLANG_WARN_EMPTY_BODY = YES;
				CLANG_WARN_ENUM_CONVERSION = YES;
				CLANG_WARN_INFINITE_RECURSION = YES;
				CLANG_WARN_INT_CONVERSION = YES;
				CLANG_WARN_NON_LITERAL_NULL_CONVERSION = YES;
				CLANG_WARN_OBJC_IMPLICIT_RETAIN_SELF = YES;
				CLANG_WARN_OBJC_LITERAL_CONVERSION = YES;
				CLANG_WARN_OBJC_ROOT_CLASS = YES_ERROR;
				CLANG_WARN_QUOTED_INCLUDE_IN_FRAMEWORK_HEADER = YES;
				CLANG_WARN_RANGE_LOOP_ANALYSIS = YES;
				CLANG_WARN_STRICT_PROTOTYPES = YES;
				CLANG_WARN_SUSPICIOUS_MOVE = YES;
				CLANG_WARN_UNGUARDED_AVAILABILITY = YES_AGGRESSIVE;
				CLANG_WARN_UNREACHABLE_CODE = YES;
				CLANG_WARN__DUPLICATE_METHOD_MATCH = YES;
				COPY_PHASE_STRIP = NO;
				DEBUG_INFORMATION_FORMAT = dwarf;
				ENABLE_STRICT_OBJC_MSGSEND = YES;
				ENABLE_TESTABILITY = YES;
				ENABLE_USER_SCRIPT_SANDBOXING = YES;
				GCC_C_LANGUAGE_STANDARD = gnu17;
				GCC_DYNAMIC_NO_PIC = NO;
				GCC_NO_COMMON_BLOCKS = YES;
				GCC_OPTIMIZATION_LEVEL = 0;
				GCC_PREPROCESSOR_DEFINITIONS = (
					"DEBUG=1",
					"$(inherited)",
				);
				GCC_WARN_64_TO_32_BIT_CONVERSION = YES;
				GCC_WARN_ABOUT_RETURN_TYPE = YES_ERROR;
				GCC_WARN_UNDECLARED_SELECTOR = YES;
				GCC_WARN_UNINITIALIZED_AUTOS = YES_AGGRESSIVE;
				GCC_WARN_UNUSED_FUNCTION = YES;
				GCC_WARN_UNUSED_VARIABLE = YES;
				LOCALIZATION_PREFERS_STRING_CATALOGS = YES;
				MTL_ENABLE_DEBUG_INFO = INCLUDE_SOURCE;
				MTL_FAST_MATH = YES;
				ONLY_ACTIVE_ARCH = YES;
				SWIFT_ACTIVE_COMPILATION_CONDITIONS = "DEBUG $(inherited)";
				SWIFT_OPTIMIZATION_LEVEL = "-Onone";
			};
			name = Debug;
		};
		DF4957AA2C84D7C2001E01F8 /* Release */ = {
			isa = XCBuildConfiguration;
			buildSettings = {
				ALWAYS_SEARCH_USER_PATHS = NO;
				ASSETCATALOG_COMPILER_GENERATE_SWIFT_ASSET_SYMBOL_EXTENSIONS = YES;
				CLANG_ANALYZER_NONNULL = YES;
				CLANG_ANALYZER_NUMBER_OBJECT_CONVERSION = YES_AGGRESSIVE;
				CLANG_CXX_LANGUAGE_STANDARD = "gnu++20";
				CLANG_ENABLE_MODULES = YES;
				CLANG_ENABLE_OBJC_ARC = YES;
				CLANG_ENABLE_OBJC_WEAK = YES;
				CLANG_WARN_BLOCK_CAPTURE_AUTORELEASING = YES;
				CLANG_WARN_BOOL_CONVERSION = YES;
				CLANG_WARN_COMMA = YES;
				CLANG_WARN_CONSTANT_CONVERSION = YES;
				CLANG_WARN_DEPRECATED_OBJC_IMPLEMENTATIONS = YES;
				CLANG_WARN_DIRECT_OBJC_ISA_USAGE = YES_ERROR;
				CLANG_WARN_DOCUMENTATION_COMMENTS = YES;
				CLANG_WARN_EMPTY_BODY = YES;
				CLANG_WARN_ENUM_CONVERSION = YES;
				CLANG_WARN_INFINITE_RECURSION = YES;
				CLANG_WARN_INT_CONVERSION = YES;
				CLANG_WARN_NON_LITERAL_NULL_CONVERSION = YES;
				CLANG_WARN_OBJC_IMPLICIT_RETAIN_SELF = YES;
				CLANG_WARN_OBJC_LITERAL_CONVERSION = YES;
				CLANG_WARN_OBJC_ROOT_CLASS = YES_ERROR;
				CLANG_WARN_QUOTED_INCLUDE_IN_FRAMEWORK_HEADER = YES;
				CLANG_WARN_RANGE_LOOP_ANALYSIS = YES;
				CLANG_WARN_STRICT_PROTOTYPES = YES;
				CLANG_WARN_SUSPICIOUS_MOVE = YES;
				CLANG_WARN_UNGUARDED_AVAILABILITY = YES_AGGRESSIVE;
				CLANG_WARN_UNREACHABLE_CODE = YES;
				CLANG_WARN__DUPLICATE_METHOD_MATCH = YES;
				COPY_PHASE_STRIP = NO;
				DEBUG_INFORMATION_FORMAT = "dwarf-with-dsym";
				ENABLE_NS_ASSERTIONS = NO;
				ENABLE_STRICT_OBJC_MSGSEND = YES;
				ENABLE_USER_SCRIPT_SANDBOXING = YES;
				GCC_C_LANGUAGE_STANDARD = gnu17;
				GCC_NO_COMMON_BLOCKS = YES;
				GCC_WARN_64_TO_32_BIT_CONVERSION = YES;
				GCC_WARN_ABOUT_RETURN_TYPE = YES_ERROR;
				GCC_WARN_UNDECLARED_SELECTOR = YES;
				GCC_WARN_UNINITIALIZED_AUTOS = YES_AGGRESSIVE;
				GCC_WARN_UNUSED_FUNCTION = YES;
				GCC_WARN_UNUSED_VARIABLE = YES;
				LOCALIZATION_PREFERS_STRING_CATALOGS = YES;
				MTL_ENABLE_DEBUG_INFO = NO;
				MTL_FAST_MATH = YES;
				SWIFT_COMPILATION_MODE = wholemodule;
			};
			name = Release;
		};
		DF4957AC2C84D7C2001E01F8 /* Debug */ = {
			isa = XCBuildConfiguration;
			buildSettings = {
				ASSETCATALOG_COMPILER_APPICON_NAME = AppIcon;
				ASSETCATALOG_COMPILER_GLOBAL_ACCENT_COLOR_NAME = AccentColor;
				CODE_SIGN_ENTITLEMENTS = IOS/IOS.entitlements;
				CODE_SIGN_IDENTITY = "Apple Development";
				CODE_SIGN_STYLE = Automatic;
				CURRENT_PROJECT_VERSION = 1;
				DEVELOPMENT_ASSET_PATHS = "\"IOS/Preview Content\"";
				DEVELOPMENT_TEAM = 6XMRVD5S3U;
				ENABLE_PREVIEWS = YES;
				GENERATE_INFOPLIST_FILE = YES;
				"INFOPLIST_KEY_UIApplicationSceneManifest_Generation[sdk=iphoneos*]" = YES;
				"INFOPLIST_KEY_UIApplicationSceneManifest_Generation[sdk=iphonesimulator*]" = YES;
				"INFOPLIST_KEY_UIApplicationSupportsIndirectInputEvents[sdk=iphoneos*]" = YES;
				"INFOPLIST_KEY_UIApplicationSupportsIndirectInputEvents[sdk=iphonesimulator*]" = YES;
				"INFOPLIST_KEY_UILaunchScreen_Generation[sdk=iphoneos*]" = YES;
				"INFOPLIST_KEY_UILaunchScreen_Generation[sdk=iphonesimulator*]" = YES;
				"INFOPLIST_KEY_UIStatusBarStyle[sdk=iphoneos*]" = UIStatusBarStyleDefault;
				"INFOPLIST_KEY_UIStatusBarStyle[sdk=iphonesimulator*]" = UIStatusBarStyleDefault;
				INFOPLIST_KEY_UISupportedInterfaceOrientations_iPad = "UIInterfaceOrientationPortrait UIInterfaceOrientationPortraitUpsideDown UIInterfaceOrientationLandscapeLeft UIInterfaceOrientationLandscapeRight";
				INFOPLIST_KEY_UISupportedInterfaceOrientations_iPhone = "UIInterfaceOrientationPortrait UIInterfaceOrientationLandscapeLeft UIInterfaceOrientationLandscapeRight";
				IPHONEOS_DEPLOYMENT_TARGET = 17.5;
				LD_RUNPATH_SEARCH_PATHS = "@executable_path/Frameworks";
				"LD_RUNPATH_SEARCH_PATHS[sdk=macosx*]" = "@executable_path/../Frameworks";
				MACOSX_DEPLOYMENT_TARGET = 14.5;
				MARKETING_VERSION = 1.0;
				PRODUCT_BUNDLE_IDENTIFIER = Aiden.IOSTest;
				PRODUCT_NAME = "$(TARGET_NAME)";
				PROVISIONING_PROFILE_SPECIFIER = "";
				SDKROOT = auto;
				SUPPORTED_PLATFORMS = "iphoneos iphonesimulator macosx";
				SWIFT_EMIT_LOC_STRINGS = YES;
				SWIFT_VERSION = 5.0;
				TARGETED_DEVICE_FAMILY = "1,2";
			};
			name = Debug;
		};
		DF4957AD2C84D7C2001E01F8 /* Release */ = {
			isa = XCBuildConfiguration;
			buildSettings = {
				ASSETCATALOG_COMPILER_APPICON_NAME = AppIcon;
				ASSETCATALOG_COMPILER_GLOBAL_ACCENT_COLOR_NAME = AccentColor;
				CODE_SIGN_ENTITLEMENTS = IOS/IOS.entitlements;
				CODE_SIGN_IDENTITY = "Apple Development";
				CODE_SIGN_STYLE = Automatic;
				CURRENT_PROJECT_VERSION = 1;
				DEVELOPMENT_ASSET_PATHS = "\"IOS/Preview Content\"";
				DEVELOPMENT_TEAM = 6XMRVD5S3U;
				ENABLE_PREVIEWS = YES;
				GENERATE_INFOPLIST_FILE = YES;
				"INFOPLIST_KEY_UIApplicationSceneManifest_Generation[sdk=iphoneos*]" = YES;
				"INFOPLIST_KEY_UIApplicationSceneManifest_Generation[sdk=iphonesimulator*]" = YES;
				"INFOPLIST_KEY_UIApplicationSupportsIndirectInputEvents[sdk=iphoneos*]" = YES;
				"INFOPLIST_KEY_UIApplicationSupportsIndirectInputEvents[sdk=iphonesimulator*]" = YES;
				"INFOPLIST_KEY_UILaunchScreen_Generation[sdk=iphoneos*]" = YES;
				"INFOPLIST_KEY_UILaunchScreen_Generation[sdk=iphonesimulator*]" = YES;
				"INFOPLIST_KEY_UIStatusBarStyle[sdk=iphoneos*]" = UIStatusBarStyleDefault;
				"INFOPLIST_KEY_UIStatusBarStyle[sdk=iphonesimulator*]" = UIStatusBarStyleDefault;
				INFOPLIST_KEY_UISupportedInterfaceOrientations_iPad = "UIInterfaceOrientationPortrait UIInterfaceOrientationPortraitUpsideDown UIInterfaceOrientationLandscapeLeft UIInterfaceOrientationLandscapeRight";
				INFOPLIST_KEY_UISupportedInterfaceOrientations_iPhone = "UIInterfaceOrientationPortrait UIInterfaceOrientationLandscapeLeft UIInterfaceOrientationLandscapeRight";
				IPHONEOS_DEPLOYMENT_TARGET = 17.5;
				LD_RUNPATH_SEARCH_PATHS = "@executable_path/Frameworks";
				"LD_RUNPATH_SEARCH_PATHS[sdk=macosx*]" = "@executable_path/../Frameworks";
				MACOSX_DEPLOYMENT_TARGET = 14.5;
				MARKETING_VERSION = 1.0;
				PRODUCT_BUNDLE_IDENTIFIER = Aiden.IOSTest;
				PRODUCT_NAME = "$(TARGET_NAME)";
				PROVISIONING_PROFILE_SPECIFIER = "";
				SDKROOT = auto;
				SUPPORTED_PLATFORMS = "iphoneos iphonesimulator macosx";
				SWIFT_EMIT_LOC_STRINGS = YES;
				SWIFT_VERSION = 5.0;
				TARGETED_DEVICE_FAMILY = "1,2";
			};
			name = Release;
		};
		DF4957AF2C84D7C2001E01F8 /* Debug */ = {
			isa = XCBuildConfiguration;
			buildSettings = {
				ALWAYS_EMBED_SWIFT_STANDARD_LIBRARIES = YES;
				BUNDLE_LOADER = "$(TEST_HOST)";
				CODE_SIGN_STYLE = Automatic;
				CURRENT_PROJECT_VERSION = 1;
				GENERATE_INFOPLIST_FILE = YES;
				IPHONEOS_DEPLOYMENT_TARGET = 17.5;
				MACOSX_DEPLOYMENT_TARGET = 14.5;
				MARKETING_VERSION = 1.0;
				PRODUCT_BUNDLE_IDENTIFIER = Aiden.IOSTests;
				PRODUCT_NAME = "$(TARGET_NAME)";
				SDKROOT = auto;
				SUPPORTED_PLATFORMS = "iphoneos iphonesimulator macosx";
				SWIFT_EMIT_LOC_STRINGS = NO;
				SWIFT_VERSION = 5.0;
				TARGETED_DEVICE_FAMILY = "1,2";
				TEST_HOST = "$(BUILT_PRODUCTS_DIR)/IOS.app/$(BUNDLE_EXECUTABLE_FOLDER_PATH)/IOS";
			};
			name = Debug;
		};
		DF4957B02C84D7C2001E01F8 /* Release */ = {
			isa = XCBuildConfiguration;
			buildSettings = {
				ALWAYS_EMBED_SWIFT_STANDARD_LIBRARIES = YES;
				BUNDLE_LOADER = "$(TEST_HOST)";
				CODE_SIGN_STYLE = Automatic;
				CURRENT_PROJECT_VERSION = 1;
				GENERATE_INFOPLIST_FILE = YES;
				IPHONEOS_DEPLOYMENT_TARGET = 17.5;
				MACOSX_DEPLOYMENT_TARGET = 14.5;
				MARKETING_VERSION = 1.0;
				PRODUCT_BUNDLE_IDENTIFIER = Aiden.IOSTests;
				PRODUCT_NAME = "$(TARGET_NAME)";
				SDKROOT = auto;
				SUPPORTED_PLATFORMS = "iphoneos iphonesimulator macosx";
				SWIFT_EMIT_LOC_STRINGS = NO;
				SWIFT_VERSION = 5.0;
				TARGETED_DEVICE_FAMILY = "1,2";
				TEST_HOST = "$(BUILT_PRODUCTS_DIR)/IOS.app/$(BUNDLE_EXECUTABLE_FOLDER_PATH)/IOS";
			};
			name = Release;
		};
		DF4957B22C84D7C2001E01F8 /* Debug */ = {
			isa = XCBuildConfiguration;
			buildSettings = {
				ALWAYS_EMBED_SWIFT_STANDARD_LIBRARIES = YES;
				CODE_SIGN_STYLE = Automatic;
				CURRENT_PROJECT_VERSION = 1;
				GENERATE_INFOPLIST_FILE = YES;
				IPHONEOS_DEPLOYMENT_TARGET = 17.5;
				MACOSX_DEPLOYMENT_TARGET = 14.5;
				MARKETING_VERSION = 1.0;
				PRODUCT_BUNDLE_IDENTIFIER = Aiden.IOSUITests;
				PRODUCT_NAME = "$(TARGET_NAME)";
				SDKROOT = auto;
				SUPPORTED_PLATFORMS = "iphoneos iphonesimulator macosx";
				SWIFT_EMIT_LOC_STRINGS = NO;
				SWIFT_VERSION = 5.0;
				TARGETED_DEVICE_FAMILY = "1,2";
				TEST_TARGET_NAME = IOS;
			};
			name = Debug;
		};
		DF4957B32C84D7C2001E01F8 /* Release */ = {
			isa = XCBuildConfiguration;
			buildSettings = {
				ALWAYS_EMBED_SWIFT_STANDARD_LIBRARIES = YES;
				CODE_SIGN_STYLE = Automatic;
				CURRENT_PROJECT_VERSION = 1;
				GENERATE_INFOPLIST_FILE = YES;
				IPHONEOS_DEPLOYMENT_TARGET = 17.5;
				MACOSX_DEPLOYMENT_TARGET = 14.5;
				MARKETING_VERSION = 1.0;
				PRODUCT_BUNDLE_IDENTIFIER = Aiden.IOSUITests;
				PRODUCT_NAME = "$(TARGET_NAME)";
				SDKROOT = auto;
				SUPPORTED_PLATFORMS = "iphoneos iphonesimulator macosx";
				SWIFT_EMIT_LOC_STRINGS = NO;
				SWIFT_VERSION = 5.0;
				TARGETED_DEVICE_FAMILY = "1,2";
				TEST_TARGET_NAME = IOS;
			};
			name = Release;
		};
/* End XCBuildConfiguration section */

/* Begin XCConfigurationList section */
		DF4957812C84D7C1001E01F8 /* Build configuration list for PBXProject "IOS" */ = {
			isa = XCConfigurationList;
			buildConfigurations = (
				DF4957A92C84D7C2001E01F8 /* Debug */,
				DF4957AA2C84D7C2001E01F8 /* Release */,
			);
			defaultConfigurationIsVisible = 0;
			defaultConfigurationName = Release;
		};
		DF4957AB2C84D7C2001E01F8 /* Build configuration list for PBXNativeTarget "IOS" */ = {
			isa = XCConfigurationList;
			buildConfigurations = (
				DF4957AC2C84D7C2001E01F8 /* Debug */,
				DF4957AD2C84D7C2001E01F8 /* Release */,
			);
			defaultConfigurationIsVisible = 0;
			defaultConfigurationName = Release;
		};
		DF4957AE2C84D7C2001E01F8 /* Build configuration list for PBXNativeTarget "IOSTests" */ = {
			isa = XCConfigurationList;
			buildConfigurations = (
				DF4957AF2C84D7C2001E01F8 /* Debug */,
				DF4957B02C84D7C2001E01F8 /* Release */,
			);
			defaultConfigurationIsVisible = 0;
			defaultConfigurationName = Release;
		};
		DF4957B12C84D7C2001E01F8 /* Build configuration list for PBXNativeTarget "IOSUITests" */ = {
			isa = XCConfigurationList;
			buildConfigurations = (
				DF4957B22C84D7C2001E01F8 /* Debug */,
				DF4957B32C84D7C2001E01F8 /* Release */,
			);
			defaultConfigurationIsVisible = 0;
			defaultConfigurationName = Release;
		};
/* End XCConfigurationList section */
	};
	rootObject = DF49577E2C84D7C1001E01F8 /* Project object */;
}
